{
    "name": "product-update-automation",
    "version": "1.0.0",
    "lockfileVersion": 3,
    "requires": true,
    "packages": {
        "": {
            "name": "product-update-automation",
            "version": "1.0.0",
            "dependencies": {
                "@google/generative-ai": "^0.21.0",
                "@octokit/rest": "^20.0.0",
                "dotenv": "^17.2.3",
                "marked": "^12.0.2",
                "sanitize-html": "^2.17.0"
            }
        },
        "node_modules/@google/generative-ai": {
            "version": "0.21.0",
            "resolved": "https://registry.npmjs.org/@google/generative-ai/-/generative-ai-0.21.0.tgz",
            "integrity": "sha512-7XhUbtnlkSEZK15kN3t+tzIMxsbKm/dSkKBFalj+20NvPKe1kBY7mR2P7vuijEn+f06z5+A8bVGKO0v39cr6Wg==",
            "license": "Apache-2.0",
            "engines": {
                "node": ">=18.0.0"
            }
        },
        "node_modules/@octokit/auth-token": {
            "version": "4.0.0",
            "resolved": "https://registry.npmjs.org/@octokit/auth-token/-/auth-token-4.0.0.tgz",
            "integrity": "sha512-tY/msAuJo6ARbK6SPIxZrPBms3xPbfwBrulZe0Wtr/DIY9lje2HeV1uoebShn6mx7SjCHif6EjMvoREj+gZ+SA==",
            "license": "MIT",
            "engines": {
                "node": ">= 18"
            }
        },
        "node_modules/@octokit/core": {
            "version": "5.2.2",
            "resolved": "https://registry.npmjs.org/@octokit/core/-/core-5.2.2.tgz",
            "integrity": "sha512-/g2d4sW9nUDJOMz3mabVQvOGhVa4e/BN/Um7yca9Bb2XTzPPnfTWHWQg+IsEYO7M3Vx+EXvaM/I2pJWIMun1bg==",
            "license": "MIT",
            "dependencies": {
                "@octokit/auth-token": "^4.0.0",
                "@octokit/graphql": "^7.1.0",
                "@octokit/request": "^8.4.1",
                "@octokit/request-error": "^5.1.1",
                "@octokit/types": "^13.0.0",
                "before-after-hook": "^2.2.0",
                "universal-user-agent": "^6.0.0"
            },
            "engines": {
                "node": ">= 18"
            }
        },
        "node_modules/@octokit/endpoint": {
            "version": "9.0.6",
            "resolved": "https://registry.npmjs.org/@octokit/endpoint/-/endpoint-9.0.6.tgz",
            "integrity": "sha512-H1fNTMA57HbkFESSt3Y9+FBICv+0jFceJFPWDePYlR/iMGrwM5ph+Dd4XRQs+8X+PUFURLQgX9ChPfhJ/1uNQw==",
            "license": "MIT",
            "dependencies": {
                "@octokit/types": "^13.1.0",
                "universal-user-agent": "^6.0.0"
            },
            "engines": {
                "node": ">= 18"
            }
        },
        "node_modules/@octokit/graphql": {
            "version": "7.1.1",
            "resolved": "https://registry.npmjs.org/@octokit/graphql/-/graphql-7.1.1.tgz",
            "integrity": "sha512-3mkDltSfcDUoa176nlGoA32RGjeWjl3K7F/BwHwRMJUW/IteSa4bnSV8p2ThNkcIcZU2umkZWxwETSSCJf2Q7g==",
            "license": "MIT",
            "dependencies": {
                "@octokit/request": "^8.4.1",
                "@octokit/types": "^13.0.0",
                "universal-user-agent": "^6.0.0"
            },
            "engines": {
                "node": ">= 18"
            }
        },
        "node_modules/@octokit/openapi-types": {
            "version": "24.2.0",
            "resolved": "https://registry.npmjs.org/@octokit/openapi-types/-/openapi-types-24.2.0.tgz",
            "integrity": "sha512-9sIH3nSUttelJSXUrmGzl7QUBFul0/mB8HRYl3fOlgHbIWG+WnYDXU3v/2zMtAvuzZ/ed00Ei6on975FhBfzrg==",
            "license": "MIT"
        },
        "node_modules/@octokit/plugin-paginate-rest": {
            "version": "11.4.4-cjs.2",
            "resolved": "https://registry.npmjs.org/@octokit/plugin-paginate-rest/-/plugin-paginate-rest-11.4.4-cjs.2.tgz",
            "integrity": "sha512-2dK6z8fhs8lla5PaOTgqfCGBxgAv/le+EhPs27KklPhm1bKObpu6lXzwfUEQ16ajXzqNrKMujsFyo9K2eaoISw==",
            "license": "MIT",
            "dependencies": {
                "@octokit/types": "^13.7.0"
            },
            "engines": {
                "node": ">= 18"
            },
            "peerDependencies": {
                "@octokit/core": "5"
            }
        },
        "node_modules/@octokit/plugin-request-log": {
            "version": "4.0.1",
            "resolved": "https://registry.npmjs.org/@octokit/plugin-request-log/-/plugin-request-log-4.0.1.tgz",
            "integrity": "sha512-GihNqNpGHorUrO7Qa9JbAl0dbLnqJVrV8OXe2Zm5/Y4wFkZQDfTreBzVmiRfJVfE4mClXdihHnbpyyO9FSX4HA==",
            "license": "MIT",
            "engines": {
                "node": ">= 18"
            },
            "peerDependencies": {
                "@octokit/core": "5"
            }
        },
        "node_modules/@octokit/plugin-rest-endpoint-methods": {
            "version": "13.3.2-cjs.1",
            "resolved": "https://registry.npmjs.org/@octokit/plugin-rest-endpoint-methods/-/plugin-rest-endpoint-methods-13.3.2-cjs.1.tgz",
            "integrity": "sha512-VUjIjOOvF2oELQmiFpWA1aOPdawpyaCUqcEBc/UOUnj3Xp6DJGrJ1+bjUIIDzdHjnFNO6q57ODMfdEZnoBkCwQ==",
            "license": "MIT",
            "dependencies": {
                "@octokit/types": "^13.8.0"
            },
            "engines": {
                "node": ">= 18"
            },
            "peerDependencies": {
                "@octokit/core": "^5"
            }
        },
        "node_modules/@octokit/request": {
            "version": "8.4.1",
            "resolved": "https://registry.npmjs.org/@octokit/request/-/request-8.4.1.tgz",
            "integrity": "sha512-qnB2+SY3hkCmBxZsR/MPCybNmbJe4KAlfWErXq+rBKkQJlbjdJeS85VI9r8UqeLYLvnAenU8Q1okM/0MBsAGXw==",
            "license": "MIT",
            "dependencies": {
                "@octokit/endpoint": "^9.0.6",
                "@octokit/request-error": "^5.1.1",
                "@octokit/types": "^13.1.0",
                "universal-user-agent": "^6.0.0"
            },
            "engines": {
                "node": ">= 18"
            }
        },
        "node_modules/@octokit/request-error": {
            "version": "5.1.1",
            "resolved": "https://registry.npmjs.org/@octokit/request-error/-/request-error-5.1.1.tgz",
            "integrity": "sha512-v9iyEQJH6ZntoENr9/yXxjuezh4My67CBSu9r6Ve/05Iu5gNgnisNWOsoJHTP6k0Rr0+HQIpnH+kyammu90q/g==",
            "license": "MIT",
            "dependencies": {
                "@octokit/types": "^13.1.0",
                "deprecation": "^2.0.0",
                "once": "^1.4.0"
            },
            "engines": {
                "node": ">= 18"
            }
        },
        "node_modules/@octokit/rest": {
            "version": "20.1.2",
            "resolved": "https://registry.npmjs.org/@octokit/rest/-/rest-20.1.2.tgz",
            "integrity": "sha512-GmYiltypkHHtihFwPRxlaorG5R9VAHuk/vbszVoRTGXnAsY60wYLkh/E2XiFmdZmqrisw+9FaazS1i5SbdWYgA==",
            "license": "MIT",
            "dependencies": {
                "@octokit/core": "^5.0.2",
                "@octokit/plugin-paginate-rest": "11.4.4-cjs.2",
                "@octokit/plugin-request-log": "^4.0.0",
                "@octokit/plugin-rest-endpoint-methods": "13.3.2-cjs.1"
            },
            "engines": {
                "node": ">= 18"
            }
        },
        "node_modules/@octokit/types": {
            "version": "13.10.0",
            "resolved": "https://registry.npmjs.org/@octokit/types/-/types-13.10.0.tgz",
            "integrity": "sha512-ifLaO34EbbPj0Xgro4G5lP5asESjwHracYJvVaPIyXMuiuXLlhic3S47cBdTb+jfODkTE5YtGCLt3Ay3+J97sA==",
            "license": "MIT",
            "dependencies": {
                "@octokit/openapi-types": "^24.2.0"
            }
        },
        "node_modules/before-after-hook": {
            "version": "2.2.3",
            "resolved": "https://registry.npmjs.org/before-after-hook/-/before-after-hook-2.2.3.tgz",
            "integrity": "sha512-NzUnlZexiaH/46WDhANlyR2bXRopNg4F/zuSA3OpZnllCUgRaOF2znDioDWrmbNVsuZk6l9pMquQB38cfBZwkQ==",
            "license": "Apache-2.0"
        },
        "node_modules/deepmerge": {
            "version": "4.3.1",
            "resolved": "https://registry.npmjs.org/deepmerge/-/deepmerge-4.3.1.tgz",
            "integrity": "sha512-3sUqbMEc77XqpdNO7FRyRog+eW3ph+GYCbj+rK+uYyRMuwsVy0rMiVtPn+QJlKFvWP/1PYpapqYn0Me2knFn+A==",
            "license": "MIT",
            "engines": {
                "node": ">=0.10.0"
            }
        },
        "node_modules/deprecation": {
            "version": "2.3.1",
            "resolved": "https://registry.npmjs.org/deprecation/-/deprecation-2.3.1.tgz",
            "integrity": "sha512-xmHIy4F3scKVwMsQ4WnVaS8bHOx0DmVwRywosKhaILI0ywMDWPtBSku2HNxRvF7jtwDRsoEwYQSfbxj8b7RlJQ==",
            "license": "ISC"
        },
        "node_modules/dom-serializer": {
            "version": "2.0.0",
            "resolved": "https://registry.npmjs.org/dom-serializer/-/dom-serializer-2.0.0.tgz",
            "integrity": "sha512-wIkAryiqt/nV5EQKqQpo3SToSOV9J0DnbJqwK7Wv/Trc92zIAYZ4FlMu+JPFW1DfGFt81ZTCGgDEabffXeLyJg==",
            "license": "MIT",
            "dependencies": {
                "domelementtype": "^2.3.0",
                "domhandler": "^5.0.2",
                "entities": "^4.2.0"
            },
            "funding": {
                "url": "https://github.com/cheeriojs/dom-serializer?sponsor=1"
            }
        },
        "node_modules/dom-serializer/node_modules/entities": {
            "version": "4.5.0",
            "resolved": "https://registry.npmjs.org/entities/-/entities-4.5.0.tgz",
            "integrity": "sha512-V0hjH4dGPh9Ao5p0MoRY6BVqtwCjhz6vI5LT8AJ55H+4g9/4vbHx1I54fS0XuclLhDHArPQCiMjDxjaL8fPxhw==",
            "license": "BSD-2-Clause",
            "engines": {
                "node": ">=0.12"
            },
            "funding": {
                "url": "https://github.com/fb55/entities?sponsor=1"
            }
        },
        "node_modules/domelementtype": {
            "version": "2.3.0",
            "resolved": "https://registry.npmjs.org/domelementtype/-/domelementtype-2.3.0.tgz",
            "integrity": "sha512-OLETBj6w0OsagBwdXnPdN0cnMfF9opN69co+7ZrbfPGrdpPVNBUj02spi6B1N7wChLQiPn4CSH/zJvXw56gmHw==",
            "funding": [
                {
                    "type": "github",
                    "url": "https://github.com/sponsors/fb55"
                }
            ],
            "license": "BSD-2-Clause"
        },
        "node_modules/domhandler": {
            "version": "5.0.3",
            "resolved": "https://registry.npmjs.org/domhandler/-/domhandler-5.0.3.tgz",
            "integrity": "sha512-cgwlv/1iFQiFnU96XXgROh8xTeetsnJiDsTc7TYCLFd9+/WNkIqPTxiM/8pSd8VIrhXGTf1Ny1q1hquVqDJB5w==",
            "license": "BSD-2-Clause",
            "dependencies": {
                "domelementtype": "^2.3.0"
            },
            "engines": {
                "node": ">= 4"
            },
            "funding": {
                "url": "https://github.com/fb55/domhandler?sponsor=1"
            }
        },
        "node_modules/domutils": {
            "version": "3.2.2",
            "resolved": "https://registry.npmjs.org/domutils/-/domutils-3.2.2.tgz",
            "integrity": "sha512-6kZKyUajlDuqlHKVX1w7gyslj9MPIXzIFiz/rGu35uC1wMi+kMhQwGhl4lt9unC9Vb9INnY9Z3/ZA3+FhASLaw==",
            "license": "BSD-2-Clause",
            "dependencies": {
                "dom-serializer": "^2.0.0",
                "domelementtype": "^2.3.0",
                "domhandler": "^5.0.3"
            },
            "funding": {
                "url": "https://github.com/fb55/domutils?sponsor=1"
            }
        },
        "node_modules/dotenv": {
            "version": "17.2.3",
            "resolved": "https://registry.npmjs.org/dotenv/-/dotenv-17.2.3.tgz",
            "integrity": "sha512-JVUnt+DUIzu87TABbhPmNfVdBDt18BLOWjMUFJMSi/Qqg7NTYtabbvSNJGOJ7afbRuv9D/lngizHtP7QyLQ+9w==",
            "license": "BSD-2-Clause",
            "engines": {
                "node": ">=12"
            },
            "funding": {
                "url": "https://dotenvx.com"
            }
        },
        "node_modules/entities": {
            "version": "7.0.1",
            "resolved": "https://registry.npmjs.org/entities/-/entities-7.0.1.tgz",
            "integrity": "sha512-TWrgLOFUQTH994YUyl1yT4uyavY5nNB5muff+RtWaqNVCAK408b5ZnnbNAUEWLTCpum9w6arT70i1XdQ4UeOPA==",
            "license": "BSD-2-Clause",
            "engines": {
                "node": ">=0.12"
            },
            "funding": {
                "url": "https://github.com/fb55/entities?sponsor=1"
            }
        },
        "node_modules/escape-string-regexp": {
            "version": "4.0.0",
            "resolved": "https://registry.npmjs.org/escape-string-regexp/-/escape-string-regexp-4.0.0.tgz",
            "integrity": "sha512-TtpcNJ3XAzx3Gq8sWRzJaVajRs0uVxA2YAkdb1jm2YkPz4G6egUFAyA3n5vtEIZefPk5Wa4UXbKuS5fKkJWdgA==",
            "license": "MIT",
            "engines": {
                "node": ">=10"
            },
            "funding": {
                "url": "https://github.com/sponsors/sindresorhus"
            }
        },
        "node_modules/htmlparser2": {
            "version": "10.1.0",
            "resolved": "https://registry.npmjs.org/htmlparser2/-/htmlparser2-10.1.0.tgz",
            "integrity": "sha512-VTZkM9GWRAtEpveh7MSF6SjjrpNVNNVJfFup7xTY3UpFtm67foy9HDVXneLtFVt4pMz5kZtgNcvCniNFb1hlEQ==",
            "funding": [
                "https://github.com/fb55/htmlparser2?sponsor=1",
                {
                    "type": "github",
                    "url": "https://github.com/sponsors/fb55"
                }
            ],
            "license": "MIT",
            "dependencies": {
                "domelementtype": "^2.3.0",
                "domhandler": "^5.0.3",
                "domutils": "^3.2.2",
                "entities": "^7.0.1"
            }
        },
        "node_modules/is-plain-object": {
            "version": "5.0.0",
            "resolved": "https://registry.npmjs.org/is-plain-object/-/is-plain-object-5.0.0.tgz",
            "integrity": "sha512-VRSzKkbMm5jMDoKLbltAkFQ5Qr7VDiTFGXxYFXXowVj387GeGNOCsOH6Msy00SGZ3Fp84b1Naa1psqgcCIEP5Q==",
            "license": "MIT",
            "engines": {
                "node": ">=0.10.0"
            }
        },
        "node_modules/marked": {
            "version": "12.0.2",
            "resolved": "https://registry.npmjs.org/marked/-/marked-12.0.2.tgz",
            "integrity": "sha512-qXUm7e/YKFoqFPYPa3Ukg9xlI5cyAtGmyEIzMfW//m6kXwCy2Ps9DYf5ioijFKQ8qyuscrHoY04iJGctu2Kg0Q==",
            "license": "MIT",
            "bin": {
                "marked": "bin/marked.js"
            },
            "engines": {
                "node": ">= 18"
            }
        },
        "node_modules/nanoid": {
            "version": "3.3.11",
            "resolved": "https://registry.npmjs.org/nanoid/-/nanoid-3.3.11.tgz",
            "integrity": "sha512-N8SpfPUnUp1bK+PMYW8qSWdl9U+wwNWI4QKxOYDy9JAro3WMX7p2OeVRF9v+347pnakNevPmiHhNmZ2HbFA76w==",
            "funding": [
                {
                    "type": "github",
                    "url": "https://github.com/sponsors/ai"
                }
            ],
            "license": "MIT",
            "bin": {
                "nanoid": "bin/nanoid.cjs"
            },
            "engines": {
                "node": "^10 || ^12 || ^13.7 || ^14 || >=15.0.1"
            }
        },
        "node_modules/once": {
            "version": "1.4.0",
            "resolved": "https://registry.npmjs.org/once/-/once-1.4.0.tgz",
            "integrity": "sha512-lNaJgI+2Q5URQBkccEKHTQOPaXdUxnZZElQTZY0MFUAuaEqe1E+Nyvgdz/aIyNi6Z9MzO5dv1H8n58/GELp3+w==",
            "license": "ISC",
            "dependencies": {
                "wrappy": "1"
            }
        },
        "node_modules/parse-srcset": {
            "version": "1.0.2",
            "resolved": "https://registry.npmjs.org/parse-srcset/-/parse-srcset-1.0.2.tgz",
            "integrity": "sha512-/2qh0lav6CmI15FzA3i/2Bzk2zCgQhGMkvhOhKNcBVQ1ldgpbfiNTVslmooUmWJcADi1f1kIeynbDRVzNlfR6Q==",
            "license": "MIT"
        },
        "node_modules/picocolors": {
            "version": "1.1.1",
            "resolved": "https://registry.npmjs.org/picocolors/-/picocolors-1.1.1.tgz",
            "integrity": "sha512-xceH2snhtb5M9liqDsmEw56le376mTZkEX/jEb/RxNFyegNul7eNslCXP9FDj/Lcu0X8KEyMceP2ntpaHrDEVA==",
            "license": "ISC"
        },
        "node_modules/postcss": {
            "version": "8.5.8",
            "resolved": "https://registry.npmjs.org/postcss/-/postcss-8.5.8.tgz",
            "integrity": "sha512-OW/rX8O/jXnm82Ey1k44pObPtdblfiuWnrd8X7GJ7emImCOstunGbXUpp7HdBrFQX6rJzn3sPT397Wp5aCwCHg==",
            "funding": [
                {
                    "type": "opencollective",
                    "url": "https://opencollective.com/postcss/"
                },
                {
                    "type": "tidelift",
                    "url": "https://tidelift.com/funding/github/npm/postcss"
                },
                {
                    "type": "github",
                    "url": "https://github.com/sponsors/ai"
                }
            ],
            "license": "MIT",
            "dependencies": {
                "nanoid": "^3.3.11",
                "picocolors": "^1.1.1",
                "source-map-js": "^1.2.1"
            },
            "engines": {
                "node": "^10 || ^12 || >=14"
            }
        },
        "node_modules/sanitize-html": {
            "version": "2.17.2",
            "resolved": "https://registry.npmjs.org/sanitize-html/-/sanitize-html-2.17.2.tgz",
            "integrity": "sha512-EnffJUl46VE9uvZ0XeWzObHLurClLlT12gsOk1cHyP2Ol1P0BnBnsXmShlBmWVJM+dKieQI68R0tsPY5m/B+Jg==",
            "license": "MIT",
            "dependencies": {
                "deepmerge": "^4.2.2",
                "escape-string-regexp": "^4.0.0",
                "htmlparser2": "^10.1.0",
                "is-plain-object": "^5.0.0",
                "parse-srcset": "^1.0.2",
                "postcss": "^8.3.11"
            }
        },
        "node_modules/source-map-js": {
            "version": "1.2.1",
            "resolved": "https://registry.npmjs.org/source-map-js/-/source-map-js-1.2.1.tgz",
            "integrity": "sha512-UXWMKhLOwVKb728IUtQPXxfYU+usdybtUrK/8uGE8CQMvrhOpwvzDBwj0QhSL7MQc7vIsISBG8VQ8+IDQxpfQA==",
            "license": "BSD-3-Clause",
            "engines": {
                "node": ">=0.10.0"
            }
        },
        "node_modules/universal-user-agent": {
            "version": "6.0.1",
            "resolved": "https://registry.npmjs.org/universal-user-agent/-/universal-user-agent-6.0.1.tgz",
            "integrity": "sha512-yCzhz6FN2wU1NiiQRogkTQszlQSlpWaw8SvVegAc+bDxbzHgh1vX8uIe8OYyMH6DwH+sdTJsgMl36+mSMdRJIQ==",
            "license": "ISC"
        },
        "node_modules/wrappy": {
            "version": "1.0.2",
            "resolved": "https://registry.npmjs.org/wrappy/-/wrappy-1.0.2.tgz",
            "integrity": "sha512-l4Sp/DRseor9wL6EvV2+TuQn63dMkPjZ/sp9XkghTEbV9KlPS1xUsZ3u7/IQO4wxtcFB4bgpQPRcR3QCvezPcQ==",
            "license": "ISC"
        }
    }
}
